// !$*UTF8*$!
{
	archiveVersion = 1;
	classes = {
	};
	objectVersion = 51;
	objects = {

/* Begin PBXBuildFile section */
		6C41922CAFE15666E89E9B20 /* Pods_UberClone_Tutorial.framework in Frameworks */ = {isa = PBXBuildFile; fileRef = 1ACAA1AC76F435F513B45696 /* Pods_UberClone_Tutorial.framework */; };
		910C58682731E5CD00807B4D /* PickupController.swift in Sources */ = {isa = PBXBuildFile; fileRef = 910C58672731E5CD00807B4D /* PickupController.swift */; };
		911C534426F3F5A100415646 /* AppDelegate.swift in Sources */ = {isa = PBXBuildFile; fileRef = 911C534326F3F5A100415646 /* AppDelegate.swift */; };
		911C534626F3F5A100415646 /* SceneDelegate.swift in Sources */ = {isa = PBXBuildFile; fileRef = 911C534526F3F5A100415646 /* SceneDelegate.swift */; };
		911C534B26F3F5A100415646 /* Main.storyboard in Resources */ = {isa = PBXBuildFile; fileRef = 911C534926F3F5A100415646 /* Main.storyboard */; };
		911C534D26F3F5A400415646 /* Assets.xcassets in Resources */ = {isa = PBXBuildFile; fileRef = 911C534C26F3F5A400415646 /* Assets.xcassets */; };
		911C535026F3F5A400415646 /* LaunchScreen.storyboard in Resources */ = {isa = PBXBuildFile; fileRef = 911C534E26F3F5A400415646 /* LaunchScreen.storyboard */; };
		911C535D26F3F6D500415646 /* LoginController.swift in Sources */ = {isa = PBXBuildFile; fileRef = 911C535C26F3F6D500415646 /* LoginController.swift */; };
		911C535F26F3FBBF00415646 /* Extensions.swift in Sources */ = {isa = PBXBuildFile; fileRef = 911C535E26F3FBBF00415646 /* Extensions.swift */; };
		91482D122728BD0700BCF0F7 /* Trip.swift in Sources */ = {isa = PBXBuildFile; fileRef = 91482D112728BD0700BCF0F7 /* Trip.swift */; };
		915D9F1126FFD540007D3228 /* GoogleService-Info.plist in Resources */ = {isa = PBXBuildFile; fileRef = 915D9F1026FFD540007D3228 /* GoogleService-Info.plist */; };
		91644C562714A6FE00CADACC /* LocationCell.swift in Sources */ = {isa = PBXBuildFile; fileRef = 91644C552714A6FE00CADACC /* LocationCell.swift */; };
		91644C582714D42800CADACC /* Service.swift in Sources */ = {isa = PBXBuildFile; fileRef = 91644C572714D42800CADACC /* Service.swift */; };
		91644C5A2714E18F00CADACC /* User.swift in Sources */ = {isa = PBXBuildFile; fileRef = 91644C592714E18F00CADACC /* User.swift */; };
		91715A65271E44B8006B6E7A /* RideActionView.swift in Sources */ = {isa = PBXBuildFile; fileRef = 91715A64271E44B8006B6E7A /* RideActionView.swift */; };
		9185164F270BCFCA00F5939C /* LocationInputActivationView.swift in Sources */ = {isa = PBXBuildFile; fileRef = 9185164E270BCFCA00F5939C /* LocationInputActivationView.swift */; };
		91851651270BDDBE00F5939C /* LocationInputView.swift in Sources */ = {isa = PBXBuildFile; fileRef = 91851650270BDDBE00F5939C /* LocationInputView.swift */; };
		91BE8C63271B97F200B7169F /* LocationHandler.swift in Sources */ = {isa = PBXBuildFile; fileRef = 91BE8C62271B97F200B7169F /* LocationHandler.swift */; };
		91BE8C65271BB43100B7169F /* DriverAnnotation.swift in Sources */ = {isa = PBXBuildFile; fileRef = 91BE8C64271BB43100B7169F /* DriverAnnotation.swift */; };
		91BEA6DE27052E3E0019D7DB /* HomeController.swift in Sources */ = {isa = PBXBuildFile; fileRef = 91BEA6DD27052E3E0019D7DB /* HomeController.swift */; };
		91EF5B1926FD2B5400469323 /* SignUpController.swift in Sources */ = {isa = PBXBuildFile; fileRef = 91EF5B1826FD2B5400469323 /* SignUpController.swift */; };
		91EF5B1B26FD3A2700469323 /* AuthButton.swift in Sources */ = {isa = PBXBuildFile; fileRef = 91EF5B1A26FD3A2700469323 /* AuthButton.swift */; };
/* End PBXBuildFile section */

/* Begin PBXFileReference section */
		1ACAA1AC76F435F513B45696 /* Pods_UberClone_Tutorial.framework */ = {isa = PBXFileReference; explicitFileType = wrapper.framework; includeInIndex = 0; path = Pods_UberClone_Tutorial.framework; sourceTree = BUILT_PRODUCTS_DIR; };
		39EB6386F677A3EF764DD256 /* Pods-UberClone-Tutorial.debug.xcconfig */ = {isa = PBXFileReference; includeInIndex = 1; lastKnownFileType = text.xcconfig; name = "Pods-UberClone-Tutorial.debug.xcconfig"; path = "Target Support Files/Pods-UberClone-Tutorial/Pods-UberClone-Tutorial.debug.xcconfig"; sourceTree = "<group>"; };
		5035632188D7DBA7458ADEA8 /* Pods-UberClone-Tutorial.release.xcconfig */ = {isa = PBXFileReference; includeInIndex = 1; lastKnownFileType = text.xcconfig; name = "Pods-UberClone-Tutorial.release.xcconfig"; path = "Target Support Files/Pods-UberClone-Tutorial/Pods-UberClone-Tutorial.release.xcconfig"; sourceTree = "<group>"; };
		910C58672731E5CD00807B4D /* PickupController.swift */ = {isa = PBXFileReference; lastKnownFileType = sourcecode.swift; path = PickupController.swift; sourceTree = "<group>"; };
		911C534026F3F5A100415646 /* UberClone-Tutorial.app */ = {isa = PBXFileReference; explicitFileType = wrapper.application; includeInIndex = 0; path = "UberClone-Tutorial.app"; sourceTree = BUILT_PRODUCTS_DIR; };
		911C534326F3F5A100415646 /* AppDelegate.swift */ = {isa = PBXFileReference; lastKnownFileType = sourcecode.swift; path = AppDelegate.swift; sourceTree = "<group>"; };
		911C534526F3F5A100415646 /* SceneDelegate.swift */ = {isa = PBXFileReference; lastKnownFileType = sourcecode.swift; path = SceneDelegate.swift; sourceTree = "<group>"; };
		911C534A26F3F5A100415646 /* Base */ = {isa = PBXFileReference; lastKnownFileType = file.storyboard; name = Base; path = Base.lproj/Main.storyboard; sourceTree = "<group>"; };
		911C534C26F3F5A400415646 /* Assets.xcassets */ = {isa = PBXFileReference; lastKnownFileType = folder.assetcatalog; path = Assets.xcassets; sourceTree = "<group>"; };
		911C534F26F3F5A400415646 /* Base */ = {isa = PBXFileReference; lastKnownFileType = file.storyboard; name = Base; path = Base.lproj/LaunchScreen.storyboard; sourceTree = "<group>"; };
		911C535126F3F5A400415646 /* Info.plist */ = {isa = PBXFileReference; lastKnownFileType = text.plist.xml; path = Info.plist; sourceTree = "<group>"; };
		911C535C26F3F6D500415646 /* LoginController.swift */ = {isa = PBXFileReference; lastKnownFileType = sourcecode.swift; path = LoginController.swift; sourceTree = "<group>"; };
		911C535E26F3FBBF00415646 /* Extensions.swift */ = {isa = PBXFileReference; lastKnownFileType = sourcecode.swift; path = Extensions.swift; sourceTree = "<group>"; };
		91482D112728BD0700BCF0F7 /* Trip.swift */ = {isa = PBXFileReference; lastKnownFileType = sourcecode.swift; path = Trip.swift; sourceTree = "<group>"; };
		915D9F1026FFD540007D3228 /* GoogleService-Info.plist */ = {isa = PBXFileReference; fileEncoding = 4; lastKnownFileType = text.plist.xml; path = "GoogleService-Info.plist"; sourceTree = "<group>"; };
		91644C552714A6FE00CADACC /* LocationCell.swift */ = {isa = PBXFileReference; lastKnownFileType = sourcecode.swift; path = LocationCell.swift; sourceTree = "<group>"; };
		91644C572714D42800CADACC /* Service.swift */ = {isa = PBXFileReference; lastKnownFileType = sourcecode.swift; path = Service.swift; sourceTree = "<group>"; };
		91644C592714E18F00CADACC /* User.swift */ = {isa = PBXFileReference; lastKnownFileType = sourcecode.swift; path = User.swift; sourceTree = "<group>"; };
		91715A64271E44B8006B6E7A /* RideActionView.swift */ = {isa = PBXFileReference; lastKnownFileType = sourcecode.swift; path = RideActionView.swift; sourceTree = "<group>"; };
		9185164E270BCFCA00F5939C /* LocationInputActivationView.swift */ = {isa = PBXFileReference; lastKnownFileType = sourcecode.swift; path = LocationInputActivationView.swift; sourceTree = "<group>"; };
		91851650270BDDBE00F5939C /* LocationInputView.swift */ = {isa = PBXFileReference; lastKnownFileType = sourcecode.swift; path = LocationInputView.swift; sourceTree = "<group>"; };
		91BE8C62271B97F200B7169F /* LocationHandler.swift */ = {isa = PBXFileReference; lastKnownFileType = sourcecode.swift; path = LocationHandler.swift; sourceTree = "<group>"; };
		91BE8C64271BB43100B7169F /* DriverAnnotation.swift */ = {isa = PBXFileReference; lastKnownFileType = sourcecode.swift; path = DriverAnnotation.swift; sourceTree = "<group>"; };
		91BEA6DD27052E3E0019D7DB /* HomeController.swift */ = {isa = PBXFileReference; lastKnownFileType = sourcecode.swift; path = HomeController.swift; sourceTree = "<group>"; };
		91EF5B1826FD2B5400469323 /* SignUpController.swift */ = {isa = PBXFileReference; lastKnownFileType = sourcecode.swift; path = SignUpController.swift; sourceTree = "<group>"; };
		91EF5B1A26FD3A2700469323 /* AuthButton.swift */ = {isa = PBXFileReference; lastKnownFileType = sourcecode.swift; path = AuthButton.swift; sourceTree = "<group>"; };
/* End PBXFileReference section */

/* Begin PBXFrameworksBuildPhase section */
		911C533D26F3F5A100415646 /* Frameworks */ = {
			isa = PBXFrameworksBuildPhase;
			buildActionMask = 2147483647;
			files = (
				6C41922CAFE15666E89E9B20 /* Pods_UberClone_Tutorial.framework in Frameworks */,
			);
			runOnlyForDeploymentPostprocessing = 0;
		};
/* End PBXFrameworksBuildPhase section */

/* Begin PBXGroup section */
		743DA8B58BC04E005B462315 /* Frameworks */ = {
			isa = PBXGroup;
			children = (
				1ACAA1AC76F435F513B45696 /* Pods_UberClone_Tutorial.framework */,
			);
			name = Frameworks;
			sourceTree = "<group>";
		};
		7EACE2817488EC1B4FF1E6EA /* Pods */ = {
			isa = PBXGroup;
			children = (
				39EB6386F677A3EF764DD256 /* Pods-UberClone-Tutorial.debug.xcconfig */,
				5035632188D7DBA7458ADEA8 /* Pods-UberClone-Tutorial.release.xcconfig */,
			);
			path = Pods;
			sourceTree = "<group>";
		};
		911C533726F3F5A100415646 = {
			isa = PBXGroup;
			children = (
				911C534226F3F5A100415646 /* UberClone-Tutorial */,
				911C534126F3F5A100415646 /* Products */,
				7EACE2817488EC1B4FF1E6EA /* Pods */,
				743DA8B58BC04E005B462315 /* Frameworks */,
			);
			sourceTree = "<group>";
		};
		911C534126F3F5A100415646 /* Products */ = {
			isa = PBXGroup;
			children = (
				911C534026F3F5A100415646 /* UberClone-Tutorial.app */,
			);
			name = Products;
			sourceTree = "<group>";
		};
		911C534226F3F5A100415646 /* UberClone-Tutorial */ = {
			isa = PBXGroup;
			children = (
				911C535B26F3F5F000415646 /* Model */,
				911C535A26F3F5ED00415646 /* View */,
				911C535926F3F5E100415646 /* Controller */,
				911C535826F3F5DE00415646 /* Service */,
				911C535726F3F5DB00415646 /* Utils */,
				911C534326F3F5A100415646 /* AppDelegate.swift */,
				911C534526F3F5A100415646 /* SceneDelegate.swift */,
				911C534926F3F5A100415646 /* Main.storyboard */,
				911C534C26F3F5A400415646 /* Assets.xcassets */,
				911C534E26F3F5A400415646 /* LaunchScreen.storyboard */,
				911C535126F3F5A400415646 /* Info.plist */,
				915D9F1026FFD540007D3228 /* GoogleService-Info.plist */,
			);
			path = "UberClone-Tutorial";
			sourceTree = "<group>";
		};
		911C535726F3F5DB00415646 /* Utils */ = {
			isa = PBXGroup;
			children = (
				911C535E26F3FBBF00415646 /* Extensions.swift */,
				91BE8C62271B97F200B7169F /* LocationHandler.swift */,
			);
			path = Utils;
			sourceTree = "<group>";
		};
		911C535826F3F5DE00415646 /* Service */ = {
			isa = PBXGroup;
			children = (
				91644C572714D42800CADACC /* Service.swift */,
			);
			path = Service;
			sourceTree = "<group>";
		};
		911C535926F3F5E100415646 /* Controller */ = {
			isa = PBXGroup;
			children = (
				911C535C26F3F6D500415646 /* LoginController.swift */,
				91EF5B1826FD2B5400469323 /* SignUpController.swift */,
				91BEA6DD27052E3E0019D7DB /* HomeController.swift */,
				910C58672731E5CD00807B4D /* PickupController.swift */,
			);
			path = Controller;
			sourceTree = "<group>";
		};
		911C535A26F3F5ED00415646 /* View */ = {
			isa = PBXGroup;
			children = (
				91EF5B1A26FD3A2700469323 /* AuthButton.swift */,
				9185164E270BCFCA00F5939C /* LocationInputActivationView.swift */,
				91851650270BDDBE00F5939C /* LocationInputView.swift */,
				91644C552714A6FE00CADACC /* LocationCell.swift */,
				91715A64271E44B8006B6E7A /* RideActionView.swift */,
			);
			path = View;
			sourceTree = "<group>";
		};
		911C535B26F3F5F000415646 /* Model */ = {
			isa = PBXGroup;
			children = (
				91644C592714E18F00CADACC /* User.swift */,
				91BE8C64271BB43100B7169F /* DriverAnnotation.swift */,
				91482D112728BD0700BCF0F7 /* Trip.swift */,
			);
			path = Model;
			sourceTree = "<group>";
		};
/* End PBXGroup section */

/* Begin PBXNativeTarget section */
		911C533F26F3F5A100415646 /* UberClone-Tutorial */ = {
			isa = PBXNativeTarget;
			buildConfigurationList = 911C535426F3F5A400415646 /* Build configuration list for PBXNativeTarget "UberClone-Tutorial" */;
			buildPhases = (
				5214CB66E0398A693C408AED /* [CP] Check Pods Manifest.lock */,
				911C533C26F3F5A100415646 /* Sources */,
				911C533D26F3F5A100415646 /* Frameworks */,
				911C533E26F3F5A100415646 /* Resources */,
				7EE8542CB8F26755FC8F88E8 /* [CP] Embed Pods Frameworks */,
			);
			buildRules = (
			);
			dependencies = (
			);
			name = "UberClone-Tutorial";
			productName = "UberClone-Tutorial";
			productReference = 911C534026F3F5A100415646 /* UberClone-Tutorial.app */;
			productType = "com.apple.product-type.application";
		};
/* End PBXNativeTarget section */

/* Begin PBXProject section */
		911C533826F3F5A100415646 /* Project object */ = {
			isa = PBXProject;
			attributes = {
				LastSwiftUpdateCheck = 1250;
				LastUpgradeCheck = 1250;
				TargetAttributes = {
					911C533F26F3F5A100415646 = {
						CreatedOnToolsVersion = 12.5.1;
					};
				};
			};
			buildConfigurationList = 911C533B26F3F5A100415646 /* Build configuration list for PBXProject "UberClone-Tutorial" */;
			compatibilityVersion = "Xcode 9.3";
			developmentRegion = en;
			hasScannedForEncodings = 0;
			knownRegions = (
				en,
				Base,
			);
			mainGroup = 911C533726F3F5A100415646;
			productRefGroup = 911C534126F3F5A100415646 /* Products */;
			projectDirPath = "";
			projectRoot = "";
			targets = (
				911C533F26F3F5A100415646 /* UberClone-Tutorial */,
			);
		};
/* End PBXProject section */

/* Begin PBXResourcesBuildPhase section */
		911C533E26F3F5A100415646 /* Resources */ = {
			isa = PBXResourcesBuildPhase;
			buildActionMask = 2147483647;
			files = (
				911C535026F3F5A400415646 /* LaunchScreen.storyboard in Resources */,
				915D9F1126FFD540007D3228 /* GoogleService-Info.plist in Resources */,
				911C534D26F3F5A400415646 /* Assets.xcassets in Resources */,
				911C534B26F3F5A100415646 /* Main.storyboard in Resources */,
			);
			runOnlyForDeploymentPostprocessing = 0;
		};
/* End PBXResourcesBuildPhase section */

/* Begin PBXShellScriptBuildPhase section */
		5214CB66E0398A693C408AED /* [CP] Check Pods Manifest.lock */ = {
			isa = PBXShellScriptBuildPhase;
			buildActionMask = 2147483647;
			files = (
			);
			inputFileListPaths = (
			);
			inputPaths = (
				"${PODS_PODFILE_DIR_PATH}/Podfile.lock",
				"${PODS_ROOT}/Manifest.lock",
			);
			name = "[CP] Check Pods Manifest.lock";
			outputFileListPaths = (
			);
			outputPaths = (
				"$(DERIVED_FILE_DIR)/Pods-UberClone-Tutorial-checkManifestLockResult.txt",
			);
			runOnlyForDeploymentPostprocessing = 0;
			shellPath = /bin/sh;
			shellScript = "diff \"${PODS_PODFILE_DIR_PATH}/Podfile.lock\" \"${PODS_ROOT}/Manifest.lock\" > /dev/null\nif [ $? != 0 ] ; then\n    # print error to STDERR\n    echo \"error: The sandbox is not in sync with the Podfile.lock. Run 'pod install' or update your CocoaPods installation.\" >&2\n    exit 1\nfi\n# This output is used by Xcode 'outputs' to avoid re-running this script phase.\necho \"SUCCESS\" > \"${SCRIPT_OUTPUT_FILE_0}\"\n";
			showEnvVarsInLog = 0;
		};
		7EE8542CB8F26755FC8F88E8 /* [CP] Embed Pods Frameworks */ = {
			isa = PBXShellScriptBuildPhase;
			buildActionMask = 2147483647;
			files = (
			);
			inputFileListPaths = (
				"${PODS_ROOT}/Target Support Files/Pods-UberClone-Tutorial/Pods-UberClone-Tutorial-frameworks-${CONFIGURATION}-input-files.xcfilelist",
			);
			name = "[CP] Embed Pods Frameworks";
			outputFileListPaths = (
				"${PODS_ROOT}/Target Support Files/Pods-UberClone-Tutorial/Pods-UberClone-Tutorial-frameworks-${CONFIGURATION}-output-files.xcfilelist",
			);
			runOnlyForDeploymentPostprocessing = 0;
			shellPath = /bin/sh;
			shellScript = "\"${PODS_ROOT}/Target Support Files/Pods-UberClone-Tutorial/Pods-UberClone-Tutorial-frameworks.sh\"\n";
			showEnvVarsInLog = 0;
		};
/* End PBXShellScriptBuildPhase section */

/* Begin PBXSourcesBuildPhase section */
		911C533C26F3F5A100415646 /* Sources */ = {
			isa = PBXSourcesBuildPhase;
			buildActionMask = 2147483647;
			files = (
				91EF5B1926FD2B5400469323 /* SignUpController.swift in Sources */,
				91EF5B1B26FD3A2700469323 /* AuthButton.swift in Sources */,
				91BEA6DE27052E3E0019D7DB /* HomeController.swift in Sources */,
				91851651270BDDBE00F5939C /* LocationInputView.swift in Sources */,
				91482D122728BD0700BCF0F7 /* Trip.swift in Sources */,
				910C58682731E5CD00807B4D /* PickupController.swift in Sources */,
				91BE8C65271BB43100B7169F /* DriverAnnotation.swift in Sources */,
				911C535D26F3F6D500415646 /* LoginController.swift in Sources */,
				911C534426F3F5A100415646 /* AppDelegate.swift in Sources */,
				91644C562714A6FE00CADACC /* LocationCell.swift in Sources */,
				91BE8C63271B97F200B7169F /* LocationHandler.swift in Sources */,
				911C534626F3F5A100415646 /* SceneDelegate.swift in Sources */,
				91715A65271E44B8006B6E7A /* RideActionView.swift in Sources */,
				91644C5A2714E18F00CADACC /* User.swift in Sources */,
				91644C582714D42800CADACC /* Service.swift in Sources */,
				9185164F270BCFCA00F5939C /* LocationInputActivationView.swift in Sources */,
				911C535F26F3FBBF00415646 /* Extensions.swift in Sources */,
			);
			runOnlyForDeploymentPostprocessing = 0;
		};
/* End PBXSourcesBuildPhase section */

/* Begin PBXVariantGroup section */
		911C534926F3F5A100415646 /* Main.storyboard */ = {
			isa = PBXVariantGroup;
			children = (
				911C534A26F3F5A100415646 /* Base */,
			);
			name = Main.storyboard;
			sourceTree = "<group>";
		};
		911C534E26F3F5A400415646 /* LaunchScreen.storyboard */ = {
			isa = PBXVariantGroup;
			children = (
				911C534F26F3F5A400415646 /* Base */,
			);
			name = LaunchScreen.storyboard;
			sourceTree = "<group>";
		};
/* End PBXVariantGroup section */

/* Begin XCBuildConfiguration section */
		911C535226F3F5A400415646 /* Debug */ = {
			isa = XCBuildConfiguration;
			buildSettings = {
				ALWAYS_SEARCH_USER_PATHS = NO;
				CLANG_ANALYZER_NONNULL = YES;
				CLANG_ANALYZER_NUMBER_OBJECT_CONVERSION = YES_AGGRESSIVE;
				CLANG_CXX_LANGUAGE_STANDARD = "gnu++14";
				CLANG_CXX_LIBRARY = "libc++";
				CLANG_ENABLE_MODULES = YES;
				CLANG_ENABLE_OBJC_ARC = YES;
				CLANG_ENABLE_OBJC_WEAK = YES;
				CLANG_WARN_BLOCK_CAPTURE_AUTORELEASING = YES;
				CLANG_WARN_BOOL_CONVERSION = YES;
				CLANG_WARN_COMMA = YES;
				CLANG_WARN_CONSTANT_CONVERSION = YES;
				CLANG_WARN_DEPRECATED_OBJC_IMPLEMENTATIONS = YES;
				CLANG_WARN_DIRECT_OBJC_ISA_USAGE = YES_ERROR;
				CLANG_WARN_DOCUMENTATION_COMMENTS = YES;
				CLANG_WARN_EMPTY_BODY = YES;
				CLANG_WARN_ENUM_CONVERSION = YES;
				CLANG_WARN_INFINITE_RECURSION = YES;
				CLANG_WARN_INT_CONVERSION = YES;
				CLANG_WARN_NON_LITERAL_NULL_CONVERSION = YES;
				CLANG_WARN_OBJC_IMPLICIT_RETAIN_SELF = YES;
				CLANG_WARN_OBJC_LITERAL_CONVERSION = YES;
				CLANG_WARN_OBJC_ROOT_CLASS = YES_ERROR;
				CLANG_WARN_QUOTED_INCLUDE_IN_FRAMEWORK_HEADER = YES;
				CLANG_WARN_RANGE_LOOP_ANALYSIS = YES;
				CLANG_WARN_STRICT_PROTOTYPES = YES;
				CLANG_WARN_SUSPICIOUS_MOVE = YES;
				CLANG_WARN_UNGUARDED_AVAILABILITY = YES_AGGRESSIVE;
				CLANG_WARN_UNREACHABLE_CODE = YES;
				CLANG_WARN__DUPLICATE_METHOD_MATCH = YES;
				COPY_PHASE_STRIP = NO;
				DEBUG_INFORMATION_FORMAT = dwarf;
				ENABLE_STRICT_OBJC_MSGSEND = YES;
				ENABLE_TESTABILITY = YES;
				GCC_C_LANGUAGE_STANDARD = gnu11;
				GCC_DYNAMIC_NO_PIC = NO;
				GCC_NO_COMMON_BLOCKS = YES;
				GCC_OPTIMIZATION_LEVEL = 0;
				GCC_PREPROCESSOR_DEFINITIONS = (
					"DEBUG=1",
					"$(inherited)",
				);
				GCC_WARN_64_TO_32_BIT_CONVERSION = YES;
				GCC_WARN_ABOUT_RETURN_TYPE = YES_ERROR;
				GCC_WARN_UNDECLARED_SELECTOR = YES;
				GCC_WARN_UNINITIALIZED_AUTOS = YES_AGGRESSIVE;
				GCC_WARN_UNUSED_FUNCTION = YES;
				GCC_WARN_UNUSED_VARIABLE = YES;
				IPHONEOS_DEPLOYMENT_TARGET = 14.5;
				MTL_ENABLE_DEBUG_INFO = INCLUDE_SOURCE;
				MTL_FAST_MATH = YES;
				ONLY_ACTIVE_ARCH = YES;
				SDKROOT = iphoneos;
				SWIFT_ACTIVE_COMPILATION_CONDITIONS = DEBUG;
				SWIFT_OPTIMIZATION_LEVEL = "-Onone";
			};
			name = Debug;
		};
		911C535326F3F5A400415646 /* Release */ = {
			isa = XCBuildConfiguration;
			buildSettings = {
				ALWAYS_SEARCH_USER_PATHS = NO;
				CLANG_ANALYZER_NONNULL = YES;
				CLANG_ANALYZER_NUMBER_OBJECT_CONVERSION = YES_AGGRESSIVE;
				CLANG_CXX_LANGUAGE_STANDARD = "gnu++14";
				CLANG_CXX_LIBRARY = "libc++";
				CLANG_ENABLE_MODULES = YES;
				CLANG_ENABLE_OBJC_ARC = YES;
				CLANG_ENABLE_OBJC_WEAK = YES;
				CLANG_WARN_BLOCK_CAPTURE_AUTORELEASING = YES;
				CLANG_WARN_BOOL_CONVERSION = YES;
				CLANG_WARN_COMMA = YES;
				CLANG_WARN_CONSTANT_CONVERSION = YES;
				CLANG_WARN_DEPRECATED_OBJC_IMPLEMENTATIONS = YES;
				CLANG_WARN_DIRECT_OBJC_ISA_USAGE = YES_ERROR;
				CLANG_WARN_DOCUMENTATION_COMMENTS = YES;
				CLANG_WARN_EMPTY_BODY = YES;
				CLANG_WARN_ENUM_CONVERSION = YES;
				CLANG_WARN_INFINITE_RECURSION = YES;
				CLANG_WARN_INT_CONVERSION = YES;
				CLANG_WARN_NON_LITERAL_NULL_CONVERSION = YES;
				CLANG_WARN_OBJC_IMPLICIT_RETAIN_SELF = YES;
				CLANG_WARN_OBJC_LITERAL_CONVERSION = YES;
				CLANG_WARN_OBJC_ROOT_CLASS = YES_ERROR;
				CLANG_WARN_QUOTED_INCLUDE_IN_FRAMEWORK_HEADER = YES;
				CLANG_WARN_RANGE_LOOP_ANALYSIS = YES;
				CLANG_WARN_STRICT_PROTOTYPES = YES;
				CLANG_WARN_SUSPICIOUS_MOVE = YES;
				CLANG_WARN_UNGUARDED_AVAILABILITY = YES_AGGRESSIVE;
				CLANG_WARN_UNREACHABLE_CODE = YES;
				CLANG_WARN__DUPLICATE_METHOD_MATCH = YES;
				COPY_PHASE_STRIP = NO;
				DEBUG_INFORMATION_FORMAT = "dwarf-with-dsym";
				ENABLE_NS_ASSERTIONS = NO;
				ENABLE_STRICT_OBJC_MSGSEND = YES;
				GCC_C_LANGUAGE_STANDARD = gnu11;
				GCC_NO_COMMON_BLOCKS = YES;
				GCC_WARN_64_TO_32_BIT_CONVERSION = YES;
				GCC_WARN_ABOUT_RETURN_TYPE = YES_ERROR;
				GCC_WARN_UNDECLARED_SELECTOR = YES;
				GCC_WARN_UNINITIALIZED_AUTOS = YES_AGGRESSIVE;
				GCC_WARN_UNUSED_FUNCTION = YES;
				GCC_WARN_UNUSED_VARIABLE = YES;
				IPHONEOS_DEPLOYMENT_TARGET = 14.5;
				MTL_ENABLE_DEBUG_INFO = NO;
				MTL_FAST_MATH = YES;
				SDKROOT = iphoneos;
				SWIFT_COMPILATION_MODE = wholemodule;
				SWIFT_OPTIMIZATION_LEVEL = "-O";
				VALIDATE_PRODUCT = YES;
			};
			name = Release;
		};
		911C535526F3F5A400415646 /* Debug */ = {
			isa = XCBuildConfiguration;
			baseConfigurationReference = 39EB6386F677A3EF764DD256 /* Pods-UberClone-Tutorial.debug.xcconfig */;
			buildSettings = {
				ASSETCATALOG_COMPILER_APPICON_NAME = AppIcon;
				ASSETCATALOG_COMPILER_GLOBAL_ACCENT_COLOR_NAME = AccentColor;
				CODE_SIGN_STYLE = Automatic;
				DEVELOPMENT_TEAM = 6MN73S2J23;
				INFOPLIST_FILE = "UberClone-Tutorial/Info.plist";
				LD_RUNPATH_SEARCH_PATHS = (
					"$(inherited)",
					"@executable_path/Frameworks",
				);
				PRODUCT_BUNDLE_IDENTIFIER = "com.felipe.UberClone-Tutorial";
				PRODUCT_NAME = "$(TARGET_NAME)";
				SWIFT_VERSION = 5.0;
				TARGETED_DEVICE_FAMILY = 1;
			};
			name = Debug;
		};
		911C535626F3F5A400415646 /* Release */ = {
			isa = XCBuildConfiguration;
			baseConfigurationReference = 5035632188D7DBA7458ADEA8 /* Pods-UberClone-Tutorial.release.xcconfig */;
			buildSettings = {
				ASSETCATALOG_COMPILER_APPICON_NAME = AppIcon;
				ASSETCATALOG_COMPILER_GLOBAL_ACCENT_COLOR_NAME = AccentColor;
				CODE_SIGN_STYLE = Automatic;
				DEVELOPMENT_TEAM = 6MN73S2J23;
				INFOPLIST_FILE = "UberClone-Tutorial/Info.plist";
				LD_RUNPATH_SEARCH_PATHS = (
					"$(inherited)",
					"@executable_path/Frameworks",
				);
				PRODUCT_BUNDLE_IDENTIFIER = "com.felipe.UberClone-Tutorial";
				PRODUCT_NAME = "$(TARGET_NAME)";
				SWIFT_VERSION = 5.0;
				TARGETED_DEVICE_FAMILY = 1;
			};
			name = Release;
		};
/* End XCBuildConfiguration section */

/* Begin XCConfigurationList section */
		911C533B26F3F5A100415646 /* Build configuration list for PBXProject "UberClone-Tutorial" */ = {
			isa = XCConfigurationList;
			buildConfigurations = (
				911C535226F3F5A400415646 /* Debug */,
				911C535326F3F5A400415646 /* Release */,
			);
			defaultConfigurationIsVisible = 0;
			defaultConfigurationName = Release;
		};
		911C535426F3F5A400415646 /* Build configuration list for PBXNativeTarget "UberClone-Tutorial" */ = {
			isa = XCConfigurationList;
			buildConfigurations = (
				911C535526F3F5A400415646 /* Debug */,
				911C535626F3F5A400415646 /* Release */,
			);
			defaultConfigurationIsVisible = 0;
			defaultConfigurationName = Release;
		};
/* End XCConfigurationList section */
	};
	rootObject = 911C533826F3F5A100415646 /* Project object */;
}
